{
  "name": "HTML",
  "lockfileVersion": 2,
  "requires": true,
  "packages": {
    "": {
      "dependencies": {
        "cnchar-all": "^3.2.0"
      }
    },
    "node_modules/cnchar-all": {
      "version": "3.2.0",
      "resolved": "https://registry.npmjs.org/cnchar-all/-/cnchar-all-3.2.0.tgz",
      "integrity": "sha512-jFGKeJHelzc1CRme5f6OHLujrBO9JrkxEMx+WQaHdy7LksFOqyw8scQTiqOfOe0wY8NZOY3WMmFQpCV4jJyzJQ==",
      "dependencies": {
        "cnchar-types": "^3.2.0"
      }
    },
    "node_modules/cnchar-types": {
      "version": "3.2.0",
      "resolved": "https://registry.npmjs.org/cnchar-types/-/cnchar-types-3.2.0.tgz",
      "integrity": "sha512-HnzcZ/vapeIE8EIe1tYinil4QYovUPTJugD+jJkgIDyDBLASyyv3PKjZTxR0At1wgRl8mqV1ZrfFeM49B+U5HQ=="
    }
  },
  "dependencies": {
    "cnchar-all": {
      "version": "3.2.0",
      "resolved": "https://registry.npmjs.org/cnchar-all/-/cnchar-all-3.2.0.tgz",
      "integrity": "sha512-jFGKeJHelzc1CRme5f6OHLujrBO9JrkxEMx+WQaHdy7LksFOqyw8scQTiqOfOe0wY8NZOY3WMmFQpCV4jJyzJQ==",
      "requires": {
        "cnchar-types": "^3.2.0"
      }
    },
    "cnchar-types": {
      "version": "3.2.0",
      "resolved": "https://registry.npmjs.org/cnchar-types/-/cnchar-types-3.2.0.tgz",
      "integrity": "sha512-HnzcZ/vapeIE8EIe1tYinil4QYovUPTJugD+jJkgIDyDBLASyyv3PKjZTxR0At1wgRl8mqV1ZrfFeM49B+U5HQ=="
    }
  }
}
